
Microsoft Visual Studio Solution File, Format Version 12.00
# Visual Studio Version 17
VisualStudioVersion = 17.0.31903.59
MinimumVisualStudioVersion = 10.0.40219.1
Project("{FAE04EC0-301F-11D3-BF4B-00C04F79EFBC}") = "FinanceTracker.Api", "FinanceTracker.Api\FinanceTracker.Api.csproj", "{4A2A8573-9FE3-448E-AC24-39ABAF67B2A7}"
EndProject
Project("{FAE04EC0-301F-11D3-BF4B-00C04F79EFBC}") = "FinanceTracker.Application", "FinanceTracker.Application\FinanceTracker.Application.csproj", "{9C6B1C06-BA3B-496C-BD47-8494D9CDA3F3}"
EndProject
Project("{FAE04EC0-301F-11D3-BF4B-00C04F79EFBC}") = "FinanceTracker.Domain", "FinanceTracker.Domain\FinanceTracker.Domain.csproj", "{BEE18202-2E2D-455B-B740-A8286C6EA392}"
EndProject
Project("{FAE04EC0-301F-11D3-BF4B-00C04F79EFBC}") = "FinanceTracker.Infrastructure", "FinanceTracker.Infrastructure\FinanceTracker.Infrastructure.csproj", "{F460B1B0-9999-403B-A428-85D0D643D0BD}"
EndProject
Project("{2150E333-8FDC-42A3-9474-1A3956D46DE8}") = "tests", "tests", "{6FEAA019-D13D-4EE8-B54A-E2C21A2DE324}"
EndProject
Project("{FAE04EC0-301F-11D3-BF4B-00C04F79EFBC}") = "FinanceTracker.Domain.Tests", "tests\FinanceTracker.Domain.Tests\FinanceTracker.Domain.Tests.csproj", "{8E804726-F54D-453D-9A35-3B7DEBB0CA22}"
EndProject
Project("{FAE04EC0-301F-11D3-BF4B-00C04F79EFBC}") = "FinanceTracker.Application.Tests", "tests\FinanceTracker.Application.Tests\FinanceTracker.Application.Tests.csproj", "{DCC56A99-1C78-4BC6-8D8B-EBAAC2450B3B}"
EndProject
Global
	GlobalSection(SolutionConfigurationPlatforms) = preSolution
		Debug|Any CPU = Debug|Any CPU
		Release|Any CPU = Release|Any CPU
	EndGlobalSection
	GlobalSection(SolutionProperties) = preSolution
		HideSolutionNode = FALSE
	EndGlobalSection
	GlobalSection(ProjectConfigurationPlatforms) = postSolution
		{4A2A8573-9FE3-448E-AC24-39ABAF67B2A7}.Debug|Any CPU.ActiveCfg = Debug|Any CPU
		{4A2A8573-9FE3-448E-AC24-39ABAF67B2A7}.Debug|Any CPU.Build.0 = Debug|Any CPU
		{4A2A8573-9FE3-448E-AC24-39ABAF67B2A7}.Release|Any CPU.ActiveCfg = Release|Any CPU
		{4A2A8573-9FE3-448E-AC24-39ABAF67B2A7}.Release|Any CPU.Build.0 = Release|Any CPU
		{9C6B1C06-BA3B-496C-BD47-8494D9CDA3F3}.Debug|Any CPU.ActiveCfg = Debug|Any CPU
		{9C6B1C06-BA3B-496C-BD47-8494D9CDA3F3}.Debug|Any CPU.Build.0 = Debug|Any CPU
		{9C6B1C06-BA3B-496C-BD47-8494D9CDA3F3}.Release|Any CPU.ActiveCfg = Release|Any CPU
		{9C6B1C06-BA3B-496C-BD47-8494D9CDA3F3}.Release|Any CPU.Build.0 = Release|Any CPU
		{BEE18202-2E2D-455B-B740-A8286C6EA392}.Debug|Any CPU.ActiveCfg = Debug|Any CPU
		{BEE18202-2E2D-455B-B740-A8286C6EA392}.Debug|Any CPU.Build.0 = Debug|Any CPU
		{BEE18202-2E2D-455B-B740-A8286C6EA392}.Release|Any CPU.ActiveCfg = Release|Any CPU
		{BEE18202-2E2D-455B-B740-A8286C6EA392}.Release|Any CPU.Build.0 = Release|Any CPU
		{F460B1B0-9999-403B-A428-85D0D643D0BD}.Debug|Any CPU.ActiveCfg = Debug|Any CPU
		{F460B1B0-9999-403B-A428-85D0D643D0BD}.Debug|Any CPU.Build.0 = Debug|Any CPU
		{F460B1B0-9999-403B-A428-85D0D643D0BD}.Release|Any CPU.ActiveCfg = Release|Any CPU
		{F460B1B0-9999-403B-A428-85D0D643D0BD}.Release|Any CPU.Build.0 = Release|Any CPU
		{8E804726-F54D-453D-9A35-3B7DEBB0CA22}.Debug|Any CPU.ActiveCfg = Debug|Any CPU
		{8E804726-F54D-453D-9A35-3B7DEBB0CA22}.Debug|Any CPU.Build.0 = Debug|Any CPU
		{8E804726-F54D-453D-9A35-3B7DEBB0CA22}.Release|Any CPU.ActiveCfg = Release|Any CPU
		{8E804726-F54D-453D-9A35-3B7DEBB0CA22}.Release|Any CPU.Build.0 = Release|Any CPU
		{DCC56A99-1C78-4BC6-8D8B-EBAAC2450B3B}.Debug|Any CPU.ActiveCfg = Debug|Any CPU
		{DCC56A99-1C78-4BC6-8D8B-EBAAC2450B3B}.Debug|Any CPU.Build.0 = Debug|Any CPU
		{DCC56A99-1C78-4BC6-8D8B-EBAAC2450B3B}.Release|Any CPU.ActiveCfg = Release|Any CPU
		{DCC56A99-1C78-4BC6-8D8B-EBAAC2450B3B}.Release|Any CPU.Build.0 = Release|Any CPU
	EndGlobalSection
	GlobalSection(NestedProjects) = preSolution
		{8E804726-F54D-453D-9A35-3B7DEBB0CA22} = {6FEAA019-D13D-4EE8-B54A-E2C21A2DE324}
		{DCC56A99-1C78-4BC6-8D8B-EBAAC2450B3B} = {6FEAA019-D13D-4EE8-B54A-E2C21A2DE324}
	EndGlobalSection
EndGlobal
